
Microsoft Visual Studio Solution File, Format Version 12.00
# Visual Studio Version 17
VisualStudioVersion = 17.0.31903.59
MinimumVisualStudioVersion = 10.0.40219.1
Project("{FAE04EC0-301F-11D3-BF4B-00C04F79EFBC}") = "MauiConnectFirestore", "MauiConnectFirestore\MauiConnectFirestore.csproj", "{341077EF-C7C4-4410-AEC2-2C8F2A46F9A1}"
EndProject
Global
	GlobalSection(SolutionConfigurationPlatforms) = preSolution
		Debug|Any CPU = Debug|Any CPU
		Release|Any CPU = Release|Any CPU
	EndGlobalSection
	GlobalSection(SolutionProperties) = preSolution
		HideSolutionNode = FALSE
	EndGlobalSection
	GlobalSection(ProjectConfigurationPlatforms) = postSolution
		{341077EF-C7C4-4410-AEC2-2C8F2A46F9A1}.Debug|Any CPU.ActiveCfg = Debug|Any CPU
		{341077EF-C7C4-4410-AEC2-2C8F2A46F9A1}.Debug|Any CPU.Build.0 = Debug|Any CPU
		{341077EF-C7C4-4410-AEC2-2C8F2A46F9A1}.Release|Any CPU.ActiveCfg = Release|Any CPU
		{341077EF-C7C4-4410-AEC2-2C8F2A46F9A1}.Release|Any CPU.Build.0 = Release|Any CPU
	EndGlobalSection
EndGlobal
